{
  "version": 4,
  "terraform_version": "1.5.2",
  "serial": 147,
  "lineage": "ab200841-849c-d4b2-321b-c5c4bce01c55",
  "outputs": {},
  "resources": [
    {
      "mode": "managed",
      "type": "azurerm_app_service_plan",
      "name": "demo",
      "provider": "provider[\"registry.terraform.io/hashicorp/azurerm\"]",
      "instances": [
        {
          "schema_version": 0,
          "attributes": {
            "app_service_environment_id": "",
            "id": "/subscriptions/11e07d93-b7de-44c1-b006-7218b5fb3180/resourceGroups/terraform_rg/providers/Microsoft.Web/serverfarms/terraformsnp-plan",
            "is_xenon": false,
            "kind": "linux",
            "location": "eastus",
            "maximum_elastic_worker_count": 1,
            "maximum_number_of_workers": 3,
            "name": "terraformsnp-plan",
            "per_site_scaling": false,
            "reserved": true,
            "resource_group_name": "terraform_rg",
            "sku": [
              {
                "capacity": 1,
                "size": "B1",
                "tier": "Basic"
              }
            ],
            "tags": null,
            "timeouts": null,
            "zone_redundant": false
          },
          "sensitive_attributes": [],
          "private": "eyJlMmJmYjczMC1lY2FhLTExZTYtOGY4OC0zNDM2M2JjN2M0YzAiOnsiY3JlYXRlIjozNjAwMDAwMDAwMDAwLCJkZWxldGUiOjM2MDAwMDAwMDAwMDAsInJlYWQiOjMwMDAwMDAwMDAwMCwidXBkYXRlIjozNjAwMDAwMDAwMDAwfX0=",
          "dependencies": [
            "azurerm_resource_group.rg"
          ]
        }
      ]
    },
    {
      "mode": "managed",
      "type": "azurerm_application_insights",
      "name": "appi",
      "provider": "provider[\"registry.terraform.io/hashicorp/azurerm\"]",
      "instances": [
        {
          "schema_version": 1,
          "attributes": {
            "app_id": "37587f6e-0e02-42b4-b2f6-a771903855aa",
            "application_type": "web",
            "connection_string": "InstrumentationKey=b8eea135-c453-4652-8b7d-fa7d4dc488ba;IngestionEndpoint=https://eastus-8.in.applicationinsights.azure.com/;LiveEndpoint=https://eastus.livediagnostics.monitor.azure.com/",
            "daily_data_cap_in_gb": 100,
            "daily_data_cap_notifications_disabled": false,
            "disable_ip_masking": false,
            "force_customer_storage_for_profiler": false,
            "id": "/subscriptions/11e07d93-b7de-44c1-b006-7218b5fb3180/resourceGroups/terraform_rg/providers/Microsoft.Insights/components/terraformsnp-appi",
            "instrumentation_key": "b8eea135-c453-4652-8b7d-fa7d4dc488ba",
            "internet_ingestion_enabled": true,
            "internet_query_enabled": true,
            "local_authentication_disabled": false,
            "location": "eastus",
            "name": "terraformsnp-appi",
            "resource_group_name": "terraform_rg",
            "retention_in_days": 90,
            "sampling_percentage": 100,
            "tags": null,
            "timeouts": null,
            "workspace_id": "/subscriptions/11e07d93-b7de-44c1-b006-7218b5fb3180/resourceGroups/terraform_rg/providers/Microsoft.OperationalInsights/workspaces/terraformsnp-workspace"
          },
          "sensitive_attributes": [],
          "private": "eyJlMmJmYjczMC1lY2FhLTExZTYtOGY4OC0zNDM2M2JjN2M0YzAiOnsiY3JlYXRlIjozNjAwMDAwMDAwMDAwLCJkZWxldGUiOjE4MDAwMDAwMDAwMDAsInJlYWQiOjMwMDAwMDAwMDAwMCwidXBkYXRlIjoxODAwMDAwMDAwMDAwfSwic2NoZW1hX3ZlcnNpb24iOiIxIn0=",
          "dependencies": [
            "azurerm_log_analytics_workspace.work",
            "azurerm_resource_group.rg"
          ]
        }
      ]
    },
    {
      "mode": "managed",
      "type": "azurerm_linux_web_app",
      "name": "app",
      "provider": "provider[\"registry.terraform.io/hashicorp/azurerm\"]",
      "instances": [
        {
          "schema_version": 0,
          "attributes": {
            "app_settings": {
              "APPINSIGHTS_INSTRUMENTATIONKEY": "b8eea135-c453-4652-8b7d-fa7d4dc488ba"
            },
            "auth_settings": [],
            "auth_settings_v2": [],
            "backup": [],
            "client_affinity_enabled": false,
            "client_certificate_enabled": false,
            "client_certificate_exclusion_paths": "",
            "client_certificate_mode": "Required",
            "connection_string": [
              {
                "name": "myconnection",
                "type": "SQLServer",
                "value": "Server=myserver;Database=mydatabase;User Id=myuser;Password=mypassword;"
              }
            ],
            "custom_domain_verification_id": "5BC17615403FFE9BDEEACAD22DC925CFFEA3F4B45A5A48B7E05A4D7206E46A5C",
            "default_hostname": "terraformsnp-front.azurewebsites.net",
            "enabled": true,
            "hosting_environment_id": "",
            "https_only": false,
            "id": "/subscriptions/11e07d93-b7de-44c1-b006-7218b5fb3180/resourceGroups/terraform_rg/providers/Microsoft.Web/sites/terraformsnp-front",
            "identity": [],
            "key_vault_reference_identity_id": "SystemAssigned",
            "kind": "app,linux",
            "location": "eastus",
            "logs": [],
            "name": "terraformsnp-front",
            "outbound_ip_address_list": [
              "52.188.79.136",
              "52.151.229.94",
              "20.185.72.107",
              "20.185.73.121",
              "52.149.233.64",
              "52.149.233.149",
              "20.119.8.30"
            ],
            "outbound_ip_addresses": "52.188.79.136,52.151.229.94,20.185.72.107,20.185.73.121,52.149.233.64,52.149.233.149,20.119.8.30",
            "possible_outbound_ip_address_list": [
              "52.188.79.136",
              "52.151.229.94",
              "20.185.72.107",
              "20.185.73.121",
              "52.149.233.64",
              "52.149.233.149",
              "52.149.233.226",
              "52.149.235.92",
              "52.149.237.227",
              "52.149.238.160",
              "52.147.222.162",
              "52.152.184.63",
              "52.152.184.123",
              "52.152.185.123",
              "52.152.186.33",
              "52.152.187.101",
              "52.152.189.64",
              "52.152.189.253",
              "52.152.191.6",
              "52.170.160.183",
              "52.170.161.70",
              "52.170.161.227",
              "52.170.162.22",
              "52.170.162.199",
              "20.119.8.30"
            ],
            "possible_outbound_ip_addresses": "52.188.79.136,52.151.229.94,20.185.72.107,20.185.73.121,52.149.233.64,52.149.233.149,52.149.233.226,52.149.235.92,52.149.237.227,52.149.238.160,52.147.222.162,52.152.184.63,52.152.184.123,52.152.185.123,52.152.186.33,52.152.187.101,52.152.189.64,52.152.189.253,52.152.191.6,52.170.160.183,52.170.161.70,52.170.161.227,52.170.162.22,52.170.162.199,20.119.8.30",
            "public_network_access_enabled": true,
            "resource_group_name": "terraform_rg",
            "service_plan_id": "/subscriptions/11e07d93-b7de-44c1-b006-7218b5fb3180/resourceGroups/terraform_rg/providers/Microsoft.Web/serverfarms/terraformsnp-plan",
            "site_config": [
              {
                "always_on": true,
                "api_definition_url": "",
                "api_management_api_id": "",
                "app_command_line": "",
                "application_stack": [
                  {
                    "docker_image": "",
                    "docker_image_name": "",
                    "docker_image_tag": "",
                    "docker_registry_password": "",
                    "docker_registry_url": "",
                    "docker_registry_username": "",
                    "dotnet_version": "",
                    "go_version": "",
                    "java_server": "",
                    "java_server_version": "",
                    "java_version": "",
                    "node_version": "",
                    "php_version": "",
                    "python_version": "",
                    "ruby_version": ""
                  }
                ],
                "auto_heal_enabled": false,
                "auto_heal_setting": [],
                "container_registry_managed_identity_client_id": "",
                "container_registry_use_managed_identity": false,
                "cors": [],
                "default_documents": [
                  "Default.htm",
                  "Default.html",
                  "Default.asp",
                  "index.htm",
                  "index.html",
                  "iisstart.htm",
                  "default.aspx",
                  "index.php",
                  "hostingstart.html"
                ],
                "detailed_error_logging_enabled": false,
                "ftps_state": "Disabled",
                "health_check_eviction_time_in_min": 0,
                "health_check_path": "",
                "http2_enabled": false,
                "ip_restriction": [],
                "linux_fx_version": "",
                "load_balancing_mode": "LeastRequests",
                "local_mysql_enabled": false,
                "managed_pipeline_mode": "Integrated",
                "minimum_tls_version": "1.2",
                "remote_debugging_enabled": false,
                "remote_debugging_version": "VS2019",
                "scm_ip_restriction": [],
                "scm_minimum_tls_version": "1.2",
                "scm_type": "None",
                "scm_use_main_ip_restriction": false,
                "use_32_bit_worker": true,
                "vnet_route_all_enabled": false,
                "websockets_enabled": false,
                "worker_count": 1
              }
            ],
            "site_credential": [
              {
                "name": "$terraformsnp-front",
                "password": "bvQghJdiJucyDZsdhqagoivHWpXlLhzve4fBrcEZQg7b08NcWaikn2GSreqz"
              }
            ],
            "sticky_settings": [],
            "storage_account": [],
            "tags": null,
            "timeouts": null,
            "virtual_network_subnet_id": "",
            "zip_deploy_file": ""
          },
          "sensitive_attributes": [
            [
              {
                "type": "get_attr",
                "value": "app_settings"
              },
              {
                "type": "index",
                "value": {
                  "value": "APPINSIGHTS_INSTRUMENTATIONKEY",
                  "type": "string"
                }
              }
            ]
          ],
          "private": "eyJlMmJmYjczMC1lY2FhLTExZTYtOGY4OC0zNDM2M2JjN2M0YzAiOnsiY3JlYXRlIjoxODAwMDAwMDAwMDAwLCJkZWxldGUiOjE4MDAwMDAwMDAwMDAsInJlYWQiOjMwMDAwMDAwMDAwMCwidXBkYXRlIjoxODAwMDAwMDAwMDAwfX0=",
          "dependencies": [
            "azurerm_app_service_plan.demo",
            "azurerm_application_insights.appi",
            "azurerm_log_analytics_workspace.work",
            "azurerm_resource_group.rg"
          ]
        }
      ]
    },
    {
      "mode": "managed",
      "type": "azurerm_linux_web_app",
      "name": "back",
      "provider": "provider[\"registry.terraform.io/hashicorp/azurerm\"]",
      "instances": [
        {
          "schema_version": 0,
          "attributes": {
            "app_settings": null,
            "auth_settings": [],
            "auth_settings_v2": [],
            "backup": [],
            "client_affinity_enabled": false,
            "client_certificate_enabled": false,
            "client_certificate_exclusion_paths": "",
            "client_certificate_mode": "Required",
            "connection_string": [],
            "custom_domain_verification_id": "5BC17615403FFE9BDEEACAD22DC925CFFEA3F4B45A5A48B7E05A4D7206E46A5C",
            "default_hostname": "terraformsnp-api-back.azurewebsites.net",
            "enabled": true,
            "hosting_environment_id": "",
            "https_only": false,
            "id": "/subscriptions/11e07d93-b7de-44c1-b006-7218b5fb3180/resourceGroups/terraform_rg/providers/Microsoft.Web/sites/terraformsnp-api-back",
            "identity": [],
            "key_vault_reference_identity_id": "SystemAssigned",
            "kind": "app,linux",
            "location": "eastus",
            "logs": [],
            "name": "terraformsnp-api-back",
            "outbound_ip_address_list": [
              "52.188.79.136",
              "52.151.229.94",
              "20.185.72.107",
              "20.185.73.121",
              "52.149.233.64",
              "52.149.233.149",
              "20.119.8.30"
            ],
            "outbound_ip_addresses": "52.188.79.136,52.151.229.94,20.185.72.107,20.185.73.121,52.149.233.64,52.149.233.149,20.119.8.30",
            "possible_outbound_ip_address_list": [
              "52.188.79.136",
              "52.151.229.94",
              "20.185.72.107",
              "20.185.73.121",
              "52.149.233.64",
              "52.149.233.149",
              "52.149.233.226",
              "52.149.235.92",
              "52.149.237.227",
              "52.149.238.160",
              "52.147.222.162",
              "52.152.184.63",
              "52.152.184.123",
              "52.152.185.123",
              "52.152.186.33",
              "52.152.187.101",
              "52.152.189.64",
              "52.152.189.253",
              "52.152.191.6",
              "52.170.160.183",
              "52.170.161.70",
              "52.170.161.227",
              "52.170.162.22",
              "52.170.162.199",
              "20.119.8.30"
            ],
            "possible_outbound_ip_addresses": "52.188.79.136,52.151.229.94,20.185.72.107,20.185.73.121,52.149.233.64,52.149.233.149,52.149.233.226,52.149.235.92,52.149.237.227,52.149.238.160,52.147.222.162,52.152.184.63,52.152.184.123,52.152.185.123,52.152.186.33,52.152.187.101,52.152.189.64,52.152.189.253,52.152.191.6,52.170.160.183,52.170.161.70,52.170.161.227,52.170.162.22,52.170.162.199,20.119.8.30",
            "public_network_access_enabled": true,
            "resource_group_name": "terraform_rg",
            "service_plan_id": "/subscriptions/11e07d93-b7de-44c1-b006-7218b5fb3180/resourceGroups/terraform_rg/providers/Microsoft.Web/serverfarms/terraformsnp-plan",
            "site_config": [
              {
                "always_on": true,
                "api_definition_url": "",
                "api_management_api_id": "",
                "app_command_line": "",
                "application_stack": [
                  {
                    "docker_image": "",
                    "docker_image_name": "",
                    "docker_image_tag": "",
                    "docker_registry_password": "",
                    "docker_registry_url": "",
                    "docker_registry_username": "",
                    "dotnet_version": "",
                    "go_version": "",
                    "java_server": "",
                    "java_server_version": "",
                    "java_version": "",
                    "node_version": "",
                    "php_version": "",
                    "python_version": "",
                    "ruby_version": ""
                  }
                ],
                "auto_heal_enabled": false,
                "auto_heal_setting": [],
                "container_registry_managed_identity_client_id": "",
                "container_registry_use_managed_identity": false,
                "cors": [],
                "default_documents": [
                  "Default.htm",
                  "Default.html",
                  "Default.asp",
                  "index.htm",
                  "index.html",
                  "iisstart.htm",
                  "default.aspx",
                  "index.php",
                  "hostingstart.html"
                ],
                "detailed_error_logging_enabled": false,
                "ftps_state": "Disabled",
                "health_check_eviction_time_in_min": 0,
                "health_check_path": "",
                "http2_enabled": false,
                "ip_restriction": [],
                "linux_fx_version": "",
                "load_balancing_mode": "LeastRequests",
                "local_mysql_enabled": false,
                "managed_pipeline_mode": "Integrated",
                "minimum_tls_version": "1.2",
                "remote_debugging_enabled": false,
                "remote_debugging_version": "VS2019",
                "scm_ip_restriction": [],
                "scm_minimum_tls_version": "1.2",
                "scm_type": "None",
                "scm_use_main_ip_restriction": false,
                "use_32_bit_worker": true,
                "vnet_route_all_enabled": false,
                "websockets_enabled": false,
                "worker_count": 1
              }
            ],
            "site_credential": [
              {
                "name": "$terraformsnp-api-back",
                "password": "ayRPkLPqBfJvNQ7wGPkuDKSG5cXmiFJjwsQvALQxrq7hwdmhziwiozv0MGK5"
              }
            ],
            "sticky_settings": [],
            "storage_account": [],
            "tags": null,
            "timeouts": null,
            "virtual_network_subnet_id": "",
            "zip_deploy_file": ""
          },
          "sensitive_attributes": [],
          "private": "eyJlMmJmYjczMC1lY2FhLTExZTYtOGY4OC0zNDM2M2JjN2M0YzAiOnsiY3JlYXRlIjoxODAwMDAwMDAwMDAwLCJkZWxldGUiOjE4MDAwMDAwMDAwMDAsInJlYWQiOjMwMDAwMDAwMDAwMCwidXBkYXRlIjoxODAwMDAwMDAwMDAwfX0=",
          "dependencies": [
            "azurerm_app_service_plan.demo",
            "azurerm_resource_group.rg"
          ]
        }
      ]
    },
    {
      "mode": "managed",
      "type": "azurerm_log_analytics_workspace",
      "name": "work",
      "provider": "provider[\"registry.terraform.io/hashicorp/azurerm\"]",
      "instances": [
        {
          "schema_version": 3,
          "attributes": {
            "allow_resource_only_permissions": true,
            "cmk_for_query_forced": false,
            "daily_quota_gb": -1,
            "id": "/subscriptions/11e07d93-b7de-44c1-b006-7218b5fb3180/resourceGroups/terraform_rg/providers/Microsoft.OperationalInsights/workspaces/terraformsnp-workspace",
            "internet_ingestion_enabled": true,
            "internet_query_enabled": true,
            "local_authentication_disabled": false,
            "location": "eastus",
            "name": "terraformsnp-workspace",
            "primary_shared_key": "uV50fVpscR9gfHezndk1WScEujrNS0Sd6MR81A8SHfyPqWJeECi5QB1+/uU/XM1UIpAYMNE3s2o4QIzC0e/HYw==",
            "reservation_capacity_in_gb_per_day": null,
            "resource_group_name": "terraform_rg",
            "retention_in_days": 30,
            "secondary_shared_key": "d4RbsFUTfmDPdL7K0x7ADTGIa6WMtqCw0gBrKQjzjULeQyGNiJdBbMdXMuP0Rj4aK8dCG+nVimmokpEyuVbShA==",
            "sku": "PerGB2018",
            "tags": null,
            "timeouts": null,
            "workspace_id": "fd7bf176-19d0-4278-9dbd-5f5a2e6c8312"
          },
          "sensitive_attributes": [],
          "private": "eyJlMmJmYjczMC1lY2FhLTExZTYtOGY4OC0zNDM2M2JjN2M0YzAiOnsiY3JlYXRlIjoxODAwMDAwMDAwMDAwLCJkZWxldGUiOjE4MDAwMDAwMDAwMDAsInJlYWQiOjMwMDAwMDAwMDAwMCwidXBkYXRlIjoxODAwMDAwMDAwMDAwfSwic2NoZW1hX3ZlcnNpb24iOiIzIn0=",
          "dependencies": [
            "azurerm_resource_group.rg"
          ]
        }
      ]
    },
    {
      "mode": "managed",
      "type": "azurerm_mssql_database",
      "name": "database",
      "provider": "provider[\"registry.terraform.io/hashicorp/azurerm\"]",
      "instances": [
        {
          "schema_version": 1,
          "attributes": {
            "auto_pause_delay_in_minutes": 0,
            "collation": "SQL_Latin1_General_CP1_CI_AS",
            "create_mode": "Default",
            "creation_source_database_id": null,
            "elastic_pool_id": "",
            "geo_backup_enabled": true,
            "id": "/subscriptions/11e07d93-b7de-44c1-b006-7218b5fb3180/resourceGroups/terraform_rg/providers/Microsoft.Sql/servers/terraformsnp/databases/terraformsnp-db",
            "import": [],
            "ledger_enabled": false,
            "license_type": "LicenseIncluded",
            "long_term_retention_policy": [
              {
                "monthly_retention": "PT0S",
                "week_of_year": 1,
                "weekly_retention": "PT0S",
                "yearly_retention": "PT0S"
              }
            ],
            "maintenance_configuration_name": "SQL_Default",
            "max_size_gb": 250,
            "min_capacity": 0,
            "name": "terraformsnp-db",
            "read_replica_count": 0,
            "read_scale": false,
            "recover_database_id": null,
            "restore_dropped_database_id": null,
            "restore_point_in_time": null,
            "sample_name": null,
            "server_id": "/subscriptions/11e07d93-b7de-44c1-b006-7218b5fb3180/resourceGroups/terraform_rg/providers/Microsoft.Sql/servers/terraformsnp",
            "short_term_retention_policy": [
              {
                "backup_interval_in_hours": 12,
                "retention_days": 7
              }
            ],
            "sku_name": "GP_Gen5_2",
            "storage_account_type": "Geo",
            "tags": null,
            "threat_detection_policy": [
              {
                "disabled_alerts": [],
                "email_account_admins": "Disabled",
                "email_addresses": [],
                "retention_days": 0,
                "state": "Disabled",
                "storage_account_access_key": "",
                "storage_endpoint": ""
              }
            ],
            "timeouts": null,
            "transparent_data_encryption_enabled": true,
            "zone_redundant": false
          },
          "sensitive_attributes": [],
          "private": "eyJlMmJmYjczMC1lY2FhLTExZTYtOGY4OC0zNDM2M2JjN2M0YzAiOnsiY3JlYXRlIjozNjAwMDAwMDAwMDAwLCJkZWxldGUiOjM2MDAwMDAwMDAwMDAsInJlYWQiOjMwMDAwMDAwMDAwMCwidXBkYXRlIjozNjAwMDAwMDAwMDAwfSwic2NoZW1hX3ZlcnNpb24iOiIxIn0=",
          "dependencies": [
            "azurerm_mssql_server.serverdemo",
            "azurerm_resource_group.rg"
          ]
        }
      ]
    },
    {
      "mode": "managed",
      "type": "azurerm_mssql_server",
      "name": "serverdemo",
      "provider": "provider[\"registry.terraform.io/hashicorp/azurerm\"]",
      "instances": [
        {
          "schema_version": 0,
          "attributes": {
            "administrator_login": "snpadmin",
            "administrator_login_password": "snp@1234",
            "azuread_administrator": [],
            "connection_policy": "Default",
            "fully_qualified_domain_name": "terraformsnp.database.windows.net",
            "id": "/subscriptions/11e07d93-b7de-44c1-b006-7218b5fb3180/resourceGroups/terraform_rg/providers/Microsoft.Sql/servers/terraformsnp",
            "identity": [],
            "location": "eastus",
            "minimum_tls_version": "1.2",
            "name": "terraformsnp",
            "outbound_network_restriction_enabled": false,
            "primary_user_assigned_identity_id": "",
            "public_network_access_enabled": true,
            "resource_group_name": "terraform_rg",
            "restorable_dropped_database_ids": [],
            "tags": null,
            "timeouts": null,
            "transparent_data_encryption_key_vault_key_id": "",
            "version": "12.0"
          },
          "sensitive_attributes": [],
          "private": "eyJlMmJmYjczMC1lY2FhLTExZTYtOGY4OC0zNDM2M2JjN2M0YzAiOnsiY3JlYXRlIjozNjAwMDAwMDAwMDAwLCJkZWxldGUiOjM2MDAwMDAwMDAwMDAsInJlYWQiOjMwMDAwMDAwMDAwMCwidXBkYXRlIjozNjAwMDAwMDAwMDAwfX0=",
          "dependencies": [
            "azurerm_resource_group.rg"
          ]
        }
      ]
    },
    {
      "mode": "managed",
      "type": "azurerm_resource_group",
      "name": "rg",
      "provider": "provider[\"registry.terraform.io/hashicorp/azurerm\"]",
      "instances": [
        {
          "schema_version": 0,
          "attributes": {
            "id": "/subscriptions/11e07d93-b7de-44c1-b006-7218b5fb3180/resourceGroups/terraform_rg",
            "location": "eastus",
            "managed_by": "",
            "name": "terraform_rg",
            "tags": null,
            "timeouts": null
          },
          "sensitive_attributes": [],
          "private": "eyJlMmJmYjczMC1lY2FhLTExZTYtOGY4OC0zNDM2M2JjN2M0YzAiOnsiY3JlYXRlIjo1NDAwMDAwMDAwMDAwLCJkZWxldGUiOjU0MDAwMDAwMDAwMDAsInJlYWQiOjMwMDAwMDAwMDAwMCwidXBkYXRlIjo1NDAwMDAwMDAwMDAwfX0="
        }
      ]
    },
    {
      "mode": "managed",
      "type": "azurerm_storage_account",
      "name": "sa",
      "provider": "provider[\"registry.terraform.io/hashicorp/azurerm\"]",
      "instances": [
        {
          "schema_version": 4,
          "attributes": {
            "access_tier": "Hot",
            "account_kind": "StorageV2",
            "account_replication_type": "LRS",
            "account_tier": "Standard",
            "allow_nested_items_to_be_public": true,
            "allowed_copy_scope": "",
            "azure_files_authentication": [],
            "blob_properties": [
              {
                "change_feed_enabled": false,
                "change_feed_retention_in_days": 0,
                "container_delete_retention_policy": [],
                "cors_rule": [
                  {
                    "allowed_headers": [
                      "*"
                    ],
                    "allowed_methods": [
                      "GET",
                      "POST",
                      "DELETE",
                      "HEAD",
                      "MERGE",
                      "OPTIONS",
                      "PUT",
                      "PATCH"
                    ],
                    "allowed_origins": [
                      "*"
                    ],
                    "exposed_headers": [
                      "*"
                    ],
                    "max_age_in_seconds": 86400
                  }
                ],
                "default_service_version": "",
                "delete_retention_policy": [],
                "last_access_time_enabled": false,
                "restore_policy": [],
                "versioning_enabled": false
              }
            ],
            "cross_tenant_replication_enabled": true,
            "custom_domain": [],
            "customer_managed_key": [],
            "default_to_oauth_authentication": false,
            "edge_zone": "",
            "enable_https_traffic_only": true,
            "id": "/subscriptions/11e07d93-b7de-44c1-b006-7218b5fb3180/resourceGroups/terraform_rg/providers/Microsoft.Storage/storageAccounts/terraformsnp",
            "identity": [],
            "immutability_policy": [],
            "infrastructure_encryption_enabled": false,
            "is_hns_enabled": false,
            "large_file_share_enabled": null,
            "location": "eastus",
            "min_tls_version": "TLS1_2",
            "name": "terraformsnp",
            "network_rules": [
              {
                "bypass": [
                  "AzureServices"
                ],
                "default_action": "Allow",
                "ip_rules": [],
                "private_link_access": [],
                "virtual_network_subnet_ids": []
              }
            ],
            "nfsv3_enabled": false,
            "primary_access_key": "Drdyw6km1att/qhxVisew/D8MlyK7o5YSiU5d6WDu7LMkWS3PWH8BZ7dKLpkW2qH0ugvPjeGCJBW+AStNYh1aQ==",
            "primary_blob_connection_string": "DefaultEndpointsProtocol=https;BlobEndpoint=https://terraformsnp.blob.core.windows.net/;AccountName=terraformsnp;AccountKey=Drdyw6km1att/qhxVisew/D8MlyK7o5YSiU5d6WDu7LMkWS3PWH8BZ7dKLpkW2qH0ugvPjeGCJBW+AStNYh1aQ==",
            "primary_blob_endpoint": "https://terraformsnp.blob.core.windows.net/",
            "primary_blob_host": "terraformsnp.blob.core.windows.net",
            "primary_connection_string": "DefaultEndpointsProtocol=https;AccountName=terraformsnp;AccountKey=Drdyw6km1att/qhxVisew/D8MlyK7o5YSiU5d6WDu7LMkWS3PWH8BZ7dKLpkW2qH0ugvPjeGCJBW+AStNYh1aQ==;EndpointSuffix=core.windows.net",
            "primary_dfs_endpoint": "https://terraformsnp.dfs.core.windows.net/",
            "primary_dfs_host": "terraformsnp.dfs.core.windows.net",
            "primary_file_endpoint": "https://terraformsnp.file.core.windows.net/",
            "primary_file_host": "terraformsnp.file.core.windows.net",
            "primary_location": "eastus",
            "primary_queue_endpoint": "https://terraformsnp.queue.core.windows.net/",
            "primary_queue_host": "terraformsnp.queue.core.windows.net",
            "primary_table_endpoint": "https://terraformsnp.table.core.windows.net/",
            "primary_table_host": "terraformsnp.table.core.windows.net",
            "primary_web_endpoint": "https://terraformsnp.z13.web.core.windows.net/",
            "primary_web_host": "terraformsnp.z13.web.core.windows.net",
            "public_network_access_enabled": true,
            "queue_encryption_key_type": "Service",
            "queue_properties": [
              {
                "cors_rule": [],
                "hour_metrics": [
                  {
                    "enabled": true,
                    "include_apis": true,
                    "retention_policy_days": 7,
                    "version": "1.0"
                  }
                ],
                "logging": [
                  {
                    "delete": false,
                    "read": false,
                    "retention_policy_days": 0,
                    "version": "1.0",
                    "write": false
                  }
                ],
                "minute_metrics": [
                  {
                    "enabled": false,
                    "include_apis": false,
                    "retention_policy_days": 0,
                    "version": "1.0"
                  }
                ]
              }
            ],
            "resource_group_name": "terraform_rg",
            "routing": [],
            "sas_policy": [],
            "secondary_access_key": "kRFbraxjQgJyWAbvEVjK6M4hTdFvWlHcl5PnUKKI9tAm3X1lMIFVVTXmjunTmkaG6oigfJb4Nuba+AStC8KE/w==",
            "secondary_blob_connection_string": "",
            "secondary_blob_endpoint": null,
            "secondary_blob_host": null,
            "secondary_connection_string": "DefaultEndpointsProtocol=https;AccountName=terraformsnp;AccountKey=kRFbraxjQgJyWAbvEVjK6M4hTdFvWlHcl5PnUKKI9tAm3X1lMIFVVTXmjunTmkaG6oigfJb4Nuba+AStC8KE/w==;EndpointSuffix=core.windows.net",
            "secondary_dfs_endpoint": null,
            "secondary_dfs_host": null,
            "secondary_file_endpoint": null,
            "secondary_file_host": null,
            "secondary_location": "",
            "secondary_queue_endpoint": null,
            "secondary_queue_host": null,
            "secondary_table_endpoint": null,
            "secondary_table_host": null,
            "secondary_web_endpoint": null,
            "secondary_web_host": null,
            "sftp_enabled": false,
            "share_properties": [
              {
                "cors_rule": [],
                "retention_policy": [
                  {
                    "days": 7
                  }
                ],
                "smb": []
              }
            ],
            "shared_access_key_enabled": true,
            "static_website": [],
            "table_encryption_key_type": "Service",
            "tags": null,
            "timeouts": null
          },
          "sensitive_attributes": [],
          "private": "eyJlMmJmYjczMC1lY2FhLTExZTYtOGY4OC0zNDM2M2JjN2M0YzAiOnsiY3JlYXRlIjozNjAwMDAwMDAwMDAwLCJkZWxldGUiOjM2MDAwMDAwMDAwMDAsInJlYWQiOjMwMDAwMDAwMDAwMCwidXBkYXRlIjozNjAwMDAwMDAwMDAwfSwic2NoZW1hX3ZlcnNpb24iOiI0In0=",
          "dependencies": [
            "azurerm_resource_group.rg"
          ]
        }
      ]
    }
  ],
  "check_results": null
}
